version = 1
requires-python = ">=3.10"

[[package]]
name = "harrix-py-funcs"
version = "0.1"
source = { virtual = "." }
dependencies = [
    { name = "libcst" },
    { name = "pyside6" },
    { name = "pyyaml" },
]

[package.dev-dependencies]
dev = [
    { name = "isort" },
    { name = "ruff" },
]

[package.metadata]
requires-dist = [
    { name = "libcst", specifier = ">=1.5.1" },
    { name = "pyside6", specifier = ">=6.8.1.1" },
    { name = "pyyaml", specifier = ">=6.0.2" },
]

[package.metadata.requires-dev]
dev = [
    { name = "isort", specifier = ">=5.13.2" },
    { name = "ruff", specifier = ">=0.9.0" },
]

[[package]]
name = "isort"
version = "5.13.2"
source = { registry = "https://pypi.org/simple" }
sdist = { url = "https://files.pythonhosted.org/packages/87/f9/c1eb8635a24e87ade2efce21e3ce8cd6b8630bb685ddc9cdaca1349b2eb5/isort-5.13.2.tar.gz", hash = "sha256:48fdfcb9face5d58a4f6dde2e72a1fb8dcaf8ab26f95ab49fab84c2ddefb0109", size = 175303 }
wheels = [
    { url = "https://files.pythonhosted.org/packages/d1/b3/8def84f539e7d2289a02f0524b944b15d7c75dab7628bedf1c4f0992029c/isort-5.13.2-py3-none-any.whl", hash = "sha256:8ca5e72a8d85860d5a3fa69b8745237f2939afe12dbf656afbcb47fe72d947a6", size = 92310 },
]

[[package]]
name = "libcst"
version = "1.5.1"
source = { registry = "https://pypi.org/simple" }
dependencies = [
    { name = "pyyaml" },
]
sdist = { url = "https://files.pythonhosted.org/packages/27/a6/a19b587108b15d3e0bfa8d0944265809581c8b8e161e22c9c9060afbbf4a/libcst-1.5.1.tar.gz", hash = "sha256:71cb294db84df9e410208009c732628e920111683c2f2b2e0c5b71b98464f365", size = 773387 }
wheels = [
    { url = "https://files.pythonhosted.org/packages/f4/46/468a892cdc218272925c3fc4b3ae81cd81f24eabe29a35ba5d017ee35ee1/libcst-1.5.1-cp310-cp310-macosx_10_9_x86_64.whl", hash = "sha256:ab83633e61ee91df575a3838b1e73c371f19d4916bf1816554933235553d41ea", size = 2124113 },
    { url = "https://files.pythonhosted.org/packages/8c/b7/b8e7b24629b32e4ba4822e3291c19dc63f2f95fea40230e630ec8df0d3f1/libcst-1.5.1-cp310-cp310-macosx_11_0_arm64.whl", hash = "sha256:b58a49895d95ec1fd34fad041a142d98edf9b51fcaf632337c13befeb4d51c7c", size = 2032570 },
    { url = "https://files.pythonhosted.org/packages/d3/db/1e064189f75bc68091fa4fe5b0b062493384544e47d8d50520d00d7bfe1c/libcst-1.5.1-cp310-cp310-manylinux_2_17_aarch64.manylinux2014_aarch64.whl", hash = "sha256:6d9ec764aa781ef35ab96b693569ac3dced16df9feb40ee6c274d13e86a1472e", size = 2173960 },
    { url = "https://files.pythonhosted.org/packages/02/86/b03471cae3e8372e8e5350f90645136106bc9780d87bb46939dc68c938b5/libcst-1.5.1-cp310-cp310-manylinux_2_17_x86_64.manylinux2014_x86_64.whl", hash = "sha256:99bbffd8596d192bc0e844a4cf3c4fc696979d4e20ab1c0774a01768a59b47ed", size = 2264452 },
    { url = "https://files.pythonhosted.org/packages/3b/66/729dcfbf82d64646f11b3875270177ad35057fe1908bc29366a6d530dddb/libcst-1.5.1-cp310-cp310-manylinux_2_5_i686.manylinux1_i686.manylinux_2_17_i686.manylinux2014_i686.whl", hash = "sha256:ec6ee607cfe4cc4cc93e56e0188fdb9e50399d61a1262d58229752946f288f5e", size = 2341370 },
    { url = "https://files.pythonhosted.org/packages/db/23/177ca265dcaf2af4665ca359dd9967f9000dc74fc78fd3b6a231301ab972/libcst-1.5.1-cp310-cp310-musllinux_1_2_aarch64.whl", hash = "sha256:72132756f985a19ef64d702a821099d4afc3544974662772b44cbc55b7279727", size = 2219726 },
    { url = "https://files.pythonhosted.org/packages/48/b9/2b292403ea5343143dfb93ad04da17752db3c77e7796e1f5eee00247b2c3/libcst-1.5.1-cp310-cp310-musllinux_1_2_x86_64.whl", hash = "sha256:40b75bf2d70fc0bc26b1fa73e61bdc46fef59f5c71aedf16128e7c33db8d5e40", size = 2325121 },
    { url = "https://files.pythonhosted.org/packages/f6/57/1d6ee6d1456baa856fe33c07e3f6b76219ba0af7afe51a85b0b016e4d18c/libcst-1.5.1-cp310-cp310-win_amd64.whl", hash = "sha256:56c944acaa781b8e586df3019374f5cf117054d7fc98f85be1ba84fe810005dc", size = 2031807 },
    { url = "https://files.pythonhosted.org/packages/14/c1/83f7ff3a225ad09527b8d15b410e1bba168bafe0d134d93645b1d8b69859/libcst-1.5.1-cp311-cp311-macosx_10_9_x86_64.whl", hash = "sha256:db7711a762b0327b581be5a963908fecd74412bdda34db34553faa521563c22d", size = 2123894 },
    { url = "https://files.pythonhosted.org/packages/5b/70/7b765a0a8db8084703fe408ed1c583c434e99b8ec3e7c6192732a1959eb8/libcst-1.5.1-cp311-cp311-macosx_11_0_arm64.whl", hash = "sha256:aa524bd012aaae1f485fd44490ef5abf708b14d2addc0f06b28de3e4585c4b9e", size = 2032548 },
    { url = "https://files.pythonhosted.org/packages/3c/01/d4111674d3cfe817c12ef79f8d39b2058a3bd8cd01a307a7db62118cd0ed/libcst-1.5.1-cp311-cp311-manylinux_2_17_aarch64.manylinux2014_aarch64.whl", hash = "sha256:f3ffb8135c09e41e8cf710b152c33e9b7f1d0d0b9f242bae0c502eb082fdb1fb", size = 2173948 },
    { url = "https://files.pythonhosted.org/packages/4e/3b/0e7698e7715d2ed44512718dd6f45d5d698498b5c9fa906b4028a369a7f6/libcst-1.5.1-cp311-cp311-manylinux_2_17_x86_64.manylinux2014_x86_64.whl", hash = "sha256:76a8ac7a84f9b6f678a668bff85b360e0a93fa8d7f25a74a206a28110734bb2a", size = 2264422 },
    { url = "https://files.pythonhosted.org/packages/0d/c4/a76444a28015fb7327cfdbde7d3f88f633e88fce2fe910c7aaa7d4780422/libcst-1.5.1-cp311-cp311-manylinux_2_5_i686.manylinux1_i686.manylinux_2_17_i686.manylinux2014_i686.whl", hash = "sha256:89c808bdb5fa9ca02df41dd234cbb0e9de0d2e0c029c7063d5435a9f6781cc10", size = 2341569 },
    { url = "https://files.pythonhosted.org/packages/54/1c/3f116e3baa47f71929467b404643c09e31af7acb77de8d2b3fe5d1b06212/libcst-1.5.1-cp311-cp311-musllinux_1_2_aarch64.whl", hash = "sha256:40fbbaa8b839bfbfa5b300623ca2b6b0768b58bbc31b341afbc99110c9bee232", size = 2219836 },
    { url = "https://files.pythonhosted.org/packages/ea/f7/746b6d91125cf1f398889d1b4488b10cc3df6b35d9762c2131294a1e8217/libcst-1.5.1-cp311-cp311-musllinux_1_2_x86_64.whl", hash = "sha256:c7021e3904d8d088c369afc3fe17c279883e583415ef07edacadba76cfbecd27", size = 2325108 },
    { url = "https://files.pythonhosted.org/packages/fc/82/260932412cd9d6c1ac60283889adc18c21ffc55c8b5b63309b95bc277f76/libcst-1.5.1-cp311-cp311-win_amd64.whl", hash = "sha256:f053a5deb6a214972dbe9fa26ecd8255edb903de084a3d7715bf9e9da8821c50", size = 2031804 },
    { url = "https://files.pythonhosted.org/packages/8f/0c/eac92358d05e75516f15654fb1550c9af165ce5a19f2b8adf44916ebebc4/libcst-1.5.1-cp312-cp312-macosx_10_13_x86_64.whl", hash = "sha256:666813950b8637af0c0e96b1ca46f5d5f183d2fe50bbac2186f5b283a99f3529", size = 2122234 },
    { url = "https://files.pythonhosted.org/packages/b3/26/6925af831f039e27eb380ba64448f33aea255ab6ecae6b5deec6ec637197/libcst-1.5.1-cp312-cp312-macosx_11_0_arm64.whl", hash = "sha256:b7b58b36022ae77a5a00002854043ae95c03e92f6062ad08473eff326f32efa0", size = 2031324 },
    { url = "https://files.pythonhosted.org/packages/e0/87/1b593bdddcb0d38d2232dab96b1f92deb2481c72063394f0394f680ff5b3/libcst-1.5.1-cp312-cp312-manylinux_2_17_aarch64.manylinux2014_aarch64.whl", hash = "sha256:eeb13d7c598fe9a798a1d22eae56ab3d3d599b38b83436039bd6ae229fc854d7", size = 2172432 },
    { url = "https://files.pythonhosted.org/packages/88/27/966f9fe2652aa496a85503333559937e58979eef674f9803c995d6704c44/libcst-1.5.1-cp312-cp312-manylinux_2_17_x86_64.manylinux2014_x86_64.whl", hash = "sha256:5987daff8389b0df60b5c20499ff4fb73fc03cb3ae1f6a746eefd204ed08df85", size = 2263445 },
    { url = "https://files.pythonhosted.org/packages/ff/79/f172226edbdd5b3a31d3c270e4407b35e3f5b0c6e404967e42314f1b434e/libcst-1.5.1-cp312-cp312-manylinux_2_5_i686.manylinux1_i686.manylinux_2_17_i686.manylinux2014_i686.whl", hash = "sha256:00f3d2f32ee081bad3394546b0b9ac5e31686d3b5cfe4892d716d2ba65f9ec08", size = 2343044 },
    { url = "https://files.pythonhosted.org/packages/91/f2/664ae80583c66bcc3a2debcc8bab04e6843c3a6ac02e94050dddb5e5909c/libcst-1.5.1-cp312-cp312-musllinux_1_2_aarch64.whl", hash = "sha256:1ff21005c33b634957a98db438e882522febf1cacc62fa716f29e163a3f5871a", size = 2217129 },
    { url = "https://files.pythonhosted.org/packages/8b/df/b6b506d50f0a00a49d4e6217fd521c208cbf8693687cd0ac5880507ca6d1/libcst-1.5.1-cp312-cp312-musllinux_1_2_x86_64.whl", hash = "sha256:15697ea9f1edbb9a263364d966c72abda07195d1c1a6838eb79af057f1040770", size = 2322129 },
    { url = "https://files.pythonhosted.org/packages/eb/84/9c79a0aa5334f39a86844d32ef474491a817e9eefaa8f23fc81e7ad07d8b/libcst-1.5.1-cp312-cp312-win_amd64.whl", hash = "sha256:cedd4c8336e01c51913113fbf5566b8f61a86d90f3d5cc5b1cb5049575622c5f", size = 2032278 },
    { url = "https://files.pythonhosted.org/packages/ff/68/89e1f0aa5697d9d7c9a78f630ffb65c43d5820008e5141504206836b86ce/libcst-1.5.1-cp313-cp313-macosx_10_13_x86_64.whl", hash = "sha256:06a9b4c9b76da4a7399e6f1f3a325196fb5febd3ea59fac1f68e2116f3517cd8", size = 2122230 },
    { url = "https://files.pythonhosted.org/packages/0f/1a/c23ab5bccd26f08c7faf982a3a2ab7a78d39502c4304585d107a160d9aa4/libcst-1.5.1-cp313-cp313-macosx_11_0_arm64.whl", hash = "sha256:940ec4c8db4c2d620a7268d6c83e64ff646e4afd74ae5183d0f0ef3b80e05be0", size = 2031325 },
    { url = "https://files.pythonhosted.org/packages/d6/5b/a0f1bbd74054ef592c32ec0956ba083585af9b835c19a8d4b78ba536ec55/libcst-1.5.1-cp313-cp313-manylinux_2_17_aarch64.manylinux2014_aarch64.whl", hash = "sha256:fbccb016b1ac6d892344300dcccc8a16887b71bb7f875ba56c0ed6c1a7ade8be", size = 2172432 },
    { url = "https://files.pythonhosted.org/packages/42/d4/ad8af53181fbcd44913925498bdd05d2a76f170253883c0183cf237c5173/libcst-1.5.1-cp313-cp313-manylinux_2_17_x86_64.manylinux2014_x86_64.whl", hash = "sha256:c615af2117320e9a218083c83ec61227d3547e38a0de80329376971765f27a9e", size = 2263442 },
    { url = "https://files.pythonhosted.org/packages/c5/ed/a152f3b0b34c833a09c424336fd464b5b053b1e07e012a95887a7292c55a/libcst-1.5.1-cp313-cp313-manylinux_2_5_i686.manylinux1_i686.manylinux_2_17_i686.manylinux2014_i686.whl", hash = "sha256:02b38fa4d9f13e79fe69e9b5407b9e173557bcfb5960f7866cf4145af9c7ae09", size = 2343045 },
    { url = "https://files.pythonhosted.org/packages/d1/43/d84090dc9b560ee1586e8ec8e3af34488695c52df244a0d9c3a473401e01/libcst-1.5.1-cp313-cp313-musllinux_1_2_aarch64.whl", hash = "sha256:3334afe9e7270e175de01198f816b0dc78dda94d9d72152b61851c323e4e741e", size = 2217130 },
    { url = "https://files.pythonhosted.org/packages/7a/95/c82b3f9fde6d5476837111e05d563542b5922ebe929c849e67c2a4ef2638/libcst-1.5.1-cp313-cp313-musllinux_1_2_x86_64.whl", hash = "sha256:26c804fa8091747128579013df0b5f8e6b0c7904d9c4ee83841f136f53e18684", size = 2322130 },
    { url = "https://files.pythonhosted.org/packages/53/54/3bf26fc2cd9f3b5a1ce4f574ddd1238b96d6e4a9c1c0fccd0c10f7e84e59/libcst-1.5.1-cp313-cp313-win_amd64.whl", hash = "sha256:b5a0d3c632aa2b21c5fa145e4e8dbf86f45c9b37a64c0b7221a5a45caf58915a", size = 2032277 },
]

[[package]]
name = "pyside6"
version = "6.8.1.1"
source = { registry = "https://pypi.org/simple" }
dependencies = [
    { name = "pyside6-addons" },
    { name = "pyside6-essentials" },
    { name = "shiboken6" },
]
wheels = [
    { url = "https://files.pythonhosted.org/packages/28/b0/4393fde3de25cd2f562fa01d06ba3538bb321ff9d1d9ef8c615ea829f027/PySide6-6.8.1.1-cp39-abi3-macosx_12_0_universal2.whl", hash = "sha256:805728a7ed58352a02689b953ddbe29af1c8944f8c7f2c28312dc0b69f64b85e", size = 532488 },
    { url = "https://files.pythonhosted.org/packages/3b/b9/66d9205b030358a06f56f4aa23bc0bf21f4625bf3966eda20fcbc60fed54/PySide6-6.8.1.1-cp39-abi3-manylinux_2_28_x86_64.whl", hash = "sha256:70f8c4745d981ebb5bb93d7b825222532d553373b68b9db7a42cfcee25cafc9a", size = 532735 },
    { url = "https://files.pythonhosted.org/packages/00/e4/9f20140c983c4c43f7e6d10a19e6c7f0638080ac50c2e4cc93e0d30b26a7/PySide6-6.8.1.1-cp39-abi3-manylinux_2_39_aarch64.whl", hash = "sha256:de80ac62087a716b2bada2e3ddd739c5d176dc4be819abef91274d53d75f4e58", size = 532735 },
    { url = "https://files.pythonhosted.org/packages/d1/ba/e24c035e7d194aac400183ff6631c8d81a44e423c9c5a2b4a85130f5c456/PySide6-6.8.1.1-cp39-abi3-win_amd64.whl", hash = "sha256:60a2551053fa69845b893fb821507e2cc89d3a8a8b43726d568acd1250ad44fb", size = 538421 },
]

[[package]]
name = "pyside6-addons"
version = "6.8.1.1"
source = { registry = "https://pypi.org/simple" }
dependencies = [
    { name = "pyside6-essentials" },
    { name = "shiboken6" },
]
wheels = [
    { url = "https://files.pythonhosted.org/packages/67/79/49486d6072356be1434f6cbe814579e762c0607cff3889cd3a60f7036d37/PySide6_Addons-6.8.1.1-cp39-abi3-macosx_12_0_universal2.whl", hash = "sha256:83d35d7a1a7dbd1a16b4040a26ad4d5cc030a2aed4d439241babee1225d6e58a", size = 302263239 },
    { url = "https://files.pythonhosted.org/packages/04/89/67f19434277fa931282ecda3b93d6c7fbf7f959010c59b4d15628cdcd093/PySide6_Addons-6.8.1.1-cp39-abi3-manylinux_2_28_x86_64.whl", hash = "sha256:5ef45aeadca37d658e44a41e11f2b2e43dfc34c780a6be1cd09d96a7696e6cc6", size = 160308897 },
    { url = "https://files.pythonhosted.org/packages/9e/5b/ac9b3d4bdb68c61a704ffd3f11b29da55462d8b37ab1517024a902fc1d0a/PySide6_Addons-6.8.1.1-cp39-abi3-manylinux_2_39_aarch64.whl", hash = "sha256:e1b4a20b0bcbc2e440faba62e0d164223b8fd6f041d749543bc3812979116c4c", size = 156108015 },
    { url = "https://files.pythonhosted.org/packages/f6/a3/a1b26de2cd661158af8c558c11da5a30f9b8dabcb8b5b5394c70e57c4e44/PySide6_Addons-6.8.1.1-cp39-abi3-win_amd64.whl", hash = "sha256:d8ae86944ac48cc9891666cf71565acebd403a953d0e050be4d41ac490788d0a", size = 127967614 },
]

[[package]]
name = "pyside6-essentials"
version = "6.8.1.1"
source = { registry = "https://pypi.org/simple" }
dependencies = [
    { name = "shiboken6" },
]
wheels = [
    { url = "https://files.pythonhosted.org/packages/b1/dd/0fca5d5593b3784773a56035a543266b13fcfb4f65a42adb06cb336dfcec/PySide6_Essentials-6.8.1.1-cp39-abi3-macosx_12_0_universal2.whl", hash = "sha256:25f3fdb281ac3b442f08250e3284d3b1944f7c64c62ed93b57678a62c199cf46", size = 164791240 },
    { url = "https://files.pythonhosted.org/packages/d9/cd/2877d399e1304589fada703a45b6d496247257a9cc318b52976056fed9a0/PySide6_Essentials-6.8.1.1-cp39-abi3-manylinux_2_28_x86_64.whl", hash = "sha256:62b64842a91114c224c41eeb6a8c8f255ba60268bc5ac19724f944d60e2277c6", size = 95271258 },
    { url = "https://files.pythonhosted.org/packages/87/b6/2ddd22bf3ec6591551b31223cafe89a22afa0efc5df07304fd95ea3c04af/PySide6_Essentials-6.8.1.1-cp39-abi3-manylinux_2_39_aarch64.whl", hash = "sha256:e0c1cc3cfb2ea5eea70748da7d22032a59ea641e24988f543d5b274c0adab065", size = 93125840 },
    { url = "https://files.pythonhosted.org/packages/e7/86/91c84d4c7738bfdd993de9ee859ffeb9a479d3324afc4e73c08a0c828cf7/PySide6_Essentials-6.8.1.1-cp39-abi3-win_amd64.whl", hash = "sha256:085f12e16db31eb0e802b21c64eabf582f54db6c44463a1f5e1814d897b1f2c0", size = 72570438 },
]

[[package]]
name = "pyyaml"
version = "6.0.2"
source = { registry = "https://pypi.org/simple" }
sdist = { url = "https://files.pythonhosted.org/packages/54/ed/79a089b6be93607fa5cdaedf301d7dfb23af5f25c398d5ead2525b063e17/pyyaml-6.0.2.tar.gz", hash = "sha256:d584d9ec91ad65861cc08d42e834324ef890a082e591037abe114850ff7bbc3e", size = 130631 }
wheels = [
    { url = "https://files.pythonhosted.org/packages/9b/95/a3fac87cb7158e231b5a6012e438c647e1a87f09f8e0d123acec8ab8bf71/PyYAML-6.0.2-cp310-cp310-macosx_10_9_x86_64.whl", hash = "sha256:0a9a2848a5b7feac301353437eb7d5957887edbf81d56e903999a75a3d743086", size = 184199 },
    { url = "https://files.pythonhosted.org/packages/c7/7a/68bd47624dab8fd4afbfd3c48e3b79efe09098ae941de5b58abcbadff5cb/PyYAML-6.0.2-cp310-cp310-macosx_11_0_arm64.whl", hash = "sha256:29717114e51c84ddfba879543fb232a6ed60086602313ca38cce623c1d62cfbf", size = 171758 },
    { url = "https://files.pythonhosted.org/packages/49/ee/14c54df452143b9ee9f0f29074d7ca5516a36edb0b4cc40c3f280131656f/PyYAML-6.0.2-cp310-cp310-manylinux_2_17_aarch64.manylinux2014_aarch64.whl", hash = "sha256:8824b5a04a04a047e72eea5cec3bc266db09e35de6bdfe34c9436ac5ee27d237", size = 718463 },
    { url = "https://files.pythonhosted.org/packages/4d/61/de363a97476e766574650d742205be468921a7b532aa2499fcd886b62530/PyYAML-6.0.2-cp310-cp310-manylinux_2_17_s390x.manylinux2014_s390x.whl", hash = "sha256:7c36280e6fb8385e520936c3cb3b8042851904eba0e58d277dca80a5cfed590b", size = 719280 },
    { url = "https://files.pythonhosted.org/packages/6b/4e/1523cb902fd98355e2e9ea5e5eb237cbc5f3ad5f3075fa65087aa0ecb669/PyYAML-6.0.2-cp310-cp310-manylinux_2_17_x86_64.manylinux2014_x86_64.whl", hash = "sha256:ec031d5d2feb36d1d1a24380e4db6d43695f3748343d99434e6f5f9156aaa2ed", size = 751239 },
    { url = "https://files.pythonhosted.org/packages/b7/33/5504b3a9a4464893c32f118a9cc045190a91637b119a9c881da1cf6b7a72/PyYAML-6.0.2-cp310-cp310-musllinux_1_1_aarch64.whl", hash = "sha256:936d68689298c36b53b29f23c6dbb74de12b4ac12ca6cfe0e047bedceea56180", size = 695802 },
    { url = "https://files.pythonhosted.org/packages/5c/20/8347dcabd41ef3a3cdc4f7b7a2aff3d06598c8779faa189cdbf878b626a4/PyYAML-6.0.2-cp310-cp310-musllinux_1_1_x86_64.whl", hash = "sha256:23502f431948090f597378482b4812b0caae32c22213aecf3b55325e049a6c68", size = 720527 },
    { url = "https://files.pythonhosted.org/packages/be/aa/5afe99233fb360d0ff37377145a949ae258aaab831bde4792b32650a4378/PyYAML-6.0.2-cp310-cp310-win32.whl", hash = "sha256:2e99c6826ffa974fe6e27cdb5ed0021786b03fc98e5ee3c5bfe1fd5015f42b99", size = 144052 },
    { url = "https://files.pythonhosted.org/packages/b5/84/0fa4b06f6d6c958d207620fc60005e241ecedceee58931bb20138e1e5776/PyYAML-6.0.2-cp310-cp310-win_amd64.whl", hash = "sha256:a4d3091415f010369ae4ed1fc6b79def9416358877534caf6a0fdd2146c87a3e", size = 161774 },
    { url = "https://files.pythonhosted.org/packages/f8/aa/7af4e81f7acba21a4c6be026da38fd2b872ca46226673c89a758ebdc4fd2/PyYAML-6.0.2-cp311-cp311-macosx_10_9_x86_64.whl", hash = "sha256:cc1c1159b3d456576af7a3e4d1ba7e6924cb39de8f67111c735f6fc832082774", size = 184612 },
    { url = "https://files.pythonhosted.org/packages/8b/62/b9faa998fd185f65c1371643678e4d58254add437edb764a08c5a98fb986/PyYAML-6.0.2-cp311-cp311-macosx_11_0_arm64.whl", hash = "sha256:1e2120ef853f59c7419231f3bf4e7021f1b936f6ebd222406c3b60212205d2ee", size = 172040 },
    { url = "https://files.pythonhosted.org/packages/ad/0c/c804f5f922a9a6563bab712d8dcc70251e8af811fce4524d57c2c0fd49a4/PyYAML-6.0.2-cp311-cp311-manylinux_2_17_aarch64.manylinux2014_aarch64.whl", hash = "sha256:5d225db5a45f21e78dd9358e58a98702a0302f2659a3c6cd320564b75b86f47c", size = 736829 },
    { url = "https://files.pythonhosted.org/packages/51/16/6af8d6a6b210c8e54f1406a6b9481febf9c64a3109c541567e35a49aa2e7/PyYAML-6.0.2-cp311-cp311-manylinux_2_17_s390x.manylinux2014_s390x.whl", hash = "sha256:5ac9328ec4831237bec75defaf839f7d4564be1e6b25ac710bd1a96321cc8317", size = 764167 },
    { url = "https://files.pythonhosted.org/packages/75/e4/2c27590dfc9992f73aabbeb9241ae20220bd9452df27483b6e56d3975cc5/PyYAML-6.0.2-cp311-cp311-manylinux_2_17_x86_64.manylinux2014_x86_64.whl", hash = "sha256:3ad2a3decf9aaba3d29c8f537ac4b243e36bef957511b4766cb0057d32b0be85", size = 762952 },
    { url = "https://files.pythonhosted.org/packages/9b/97/ecc1abf4a823f5ac61941a9c00fe501b02ac3ab0e373c3857f7d4b83e2b6/PyYAML-6.0.2-cp311-cp311-musllinux_1_1_aarch64.whl", hash = "sha256:ff3824dc5261f50c9b0dfb3be22b4567a6f938ccce4587b38952d85fd9e9afe4", size = 735301 },
    { url = "https://files.pythonhosted.org/packages/45/73/0f49dacd6e82c9430e46f4a027baa4ca205e8b0a9dce1397f44edc23559d/PyYAML-6.0.2-cp311-cp311-musllinux_1_1_x86_64.whl", hash = "sha256:797b4f722ffa07cc8d62053e4cff1486fa6dc094105d13fea7b1de7d8bf71c9e", size = 756638 },
    { url = "https://files.pythonhosted.org/packages/22/5f/956f0f9fc65223a58fbc14459bf34b4cc48dec52e00535c79b8db361aabd/PyYAML-6.0.2-cp311-cp311-win32.whl", hash = "sha256:11d8f3dd2b9c1207dcaf2ee0bbbfd5991f571186ec9cc78427ba5bd32afae4b5", size = 143850 },
    { url = "https://files.pythonhosted.org/packages/ed/23/8da0bbe2ab9dcdd11f4f4557ccaf95c10b9811b13ecced089d43ce59c3c8/PyYAML-6.0.2-cp311-cp311-win_amd64.whl", hash = "sha256:e10ce637b18caea04431ce14fabcf5c64a1c61ec9c56b071a4b7ca131ca52d44", size = 161980 },
    { url = "https://files.pythonhosted.org/packages/86/0c/c581167fc46d6d6d7ddcfb8c843a4de25bdd27e4466938109ca68492292c/PyYAML-6.0.2-cp312-cp312-macosx_10_9_x86_64.whl", hash = "sha256:c70c95198c015b85feafc136515252a261a84561b7b1d51e3384e0655ddf25ab", size = 183873 },
    { url = "https://files.pythonhosted.org/packages/a8/0c/38374f5bb272c051e2a69281d71cba6fdb983413e6758b84482905e29a5d/PyYAML-6.0.2-cp312-cp312-macosx_11_0_arm64.whl", hash = "sha256:ce826d6ef20b1bc864f0a68340c8b3287705cae2f8b4b1d932177dcc76721725", size = 173302 },
    { url = "https://files.pythonhosted.org/packages/c3/93/9916574aa8c00aa06bbac729972eb1071d002b8e158bd0e83a3b9a20a1f7/PyYAML-6.0.2-cp312-cp312-manylinux_2_17_aarch64.manylinux2014_aarch64.whl", hash = "sha256:1f71ea527786de97d1a0cc0eacd1defc0985dcf6b3f17bb77dcfc8c34bec4dc5", size = 739154 },
    { url = "https://files.pythonhosted.org/packages/95/0f/b8938f1cbd09739c6da569d172531567dbcc9789e0029aa070856f123984/PyYAML-6.0.2-cp312-cp312-manylinux_2_17_s390x.manylinux2014_s390x.whl", hash = "sha256:9b22676e8097e9e22e36d6b7bda33190d0d400f345f23d4065d48f4ca7ae0425", size = 766223 },
    { url = "https://files.pythonhosted.org/packages/b9/2b/614b4752f2e127db5cc206abc23a8c19678e92b23c3db30fc86ab731d3bd/PyYAML-6.0.2-cp312-cp312-manylinux_2_17_x86_64.manylinux2014_x86_64.whl", hash = "sha256:80bab7bfc629882493af4aa31a4cfa43a4c57c83813253626916b8c7ada83476", size = 767542 },
    { url = "https://files.pythonhosted.org/packages/d4/00/dd137d5bcc7efea1836d6264f049359861cf548469d18da90cd8216cf05f/PyYAML-6.0.2-cp312-cp312-musllinux_1_1_aarch64.whl", hash = "sha256:0833f8694549e586547b576dcfaba4a6b55b9e96098b36cdc7ebefe667dfed48", size = 731164 },
    { url = "https://files.pythonhosted.org/packages/c9/1f/4f998c900485e5c0ef43838363ba4a9723ac0ad73a9dc42068b12aaba4e4/PyYAML-6.0.2-cp312-cp312-musllinux_1_1_x86_64.whl", hash = "sha256:8b9c7197f7cb2738065c481a0461e50ad02f18c78cd75775628afb4d7137fb3b", size = 756611 },
    { url = "https://files.pythonhosted.org/packages/df/d1/f5a275fdb252768b7a11ec63585bc38d0e87c9e05668a139fea92b80634c/PyYAML-6.0.2-cp312-cp312-win32.whl", hash = "sha256:ef6107725bd54b262d6dedcc2af448a266975032bc85ef0172c5f059da6325b4", size = 140591 },
    { url = "https://files.pythonhosted.org/packages/0c/e8/4f648c598b17c3d06e8753d7d13d57542b30d56e6c2dedf9c331ae56312e/PyYAML-6.0.2-cp312-cp312-win_amd64.whl", hash = "sha256:7e7401d0de89a9a855c839bc697c079a4af81cf878373abd7dc625847d25cbd8", size = 156338 },
    { url = "https://files.pythonhosted.org/packages/ef/e3/3af305b830494fa85d95f6d95ef7fa73f2ee1cc8ef5b495c7c3269fb835f/PyYAML-6.0.2-cp313-cp313-macosx_10_13_x86_64.whl", hash = "sha256:efdca5630322a10774e8e98e1af481aad470dd62c3170801852d752aa7a783ba", size = 181309 },
    { url = "https://files.pythonhosted.org/packages/45/9f/3b1c20a0b7a3200524eb0076cc027a970d320bd3a6592873c85c92a08731/PyYAML-6.0.2-cp313-cp313-macosx_11_0_arm64.whl", hash = "sha256:50187695423ffe49e2deacb8cd10510bc361faac997de9efef88badc3bb9e2d1", size = 171679 },
    { url = "https://files.pythonhosted.org/packages/7c/9a/337322f27005c33bcb656c655fa78325b730324c78620e8328ae28b64d0c/PyYAML-6.0.2-cp313-cp313-manylinux_2_17_aarch64.manylinux2014_aarch64.whl", hash = "sha256:0ffe8360bab4910ef1b9e87fb812d8bc0a308b0d0eef8c8f44e0254ab3b07133", size = 733428 },
    { url = "https://files.pythonhosted.org/packages/a3/69/864fbe19e6c18ea3cc196cbe5d392175b4cf3d5d0ac1403ec3f2d237ebb5/PyYAML-6.0.2-cp313-cp313-manylinux_2_17_s390x.manylinux2014_s390x.whl", hash = "sha256:17e311b6c678207928d649faa7cb0d7b4c26a0ba73d41e99c4fff6b6c3276484", size = 763361 },
    { url = "https://files.pythonhosted.org/packages/04/24/b7721e4845c2f162d26f50521b825fb061bc0a5afcf9a386840f23ea19fa/PyYAML-6.0.2-cp313-cp313-manylinux_2_17_x86_64.manylinux2014_x86_64.whl", hash = "sha256:70b189594dbe54f75ab3a1acec5f1e3faa7e8cf2f1e08d9b561cb41b845f69d5", size = 759523 },
    { url = "https://files.pythonhosted.org/packages/2b/b2/e3234f59ba06559c6ff63c4e10baea10e5e7df868092bf9ab40e5b9c56b6/PyYAML-6.0.2-cp313-cp313-musllinux_1_1_aarch64.whl", hash = "sha256:41e4e3953a79407c794916fa277a82531dd93aad34e29c2a514c2c0c5fe971cc", size = 726660 },
    { url = "https://files.pythonhosted.org/packages/fe/0f/25911a9f080464c59fab9027482f822b86bf0608957a5fcc6eaac85aa515/PyYAML-6.0.2-cp313-cp313-musllinux_1_1_x86_64.whl", hash = "sha256:68ccc6023a3400877818152ad9a1033e3db8625d899c72eacb5a668902e4d652", size = 751597 },
    { url = "https://files.pythonhosted.org/packages/14/0d/e2c3b43bbce3cf6bd97c840b46088a3031085179e596d4929729d8d68270/PyYAML-6.0.2-cp313-cp313-win32.whl", hash = "sha256:bc2fa7c6b47d6bc618dd7fb02ef6fdedb1090ec036abab80d4681424b84c1183", size = 140527 },
    { url = "https://files.pythonhosted.org/packages/fa/de/02b54f42487e3d3c6efb3f89428677074ca7bf43aae402517bc7cca949f3/PyYAML-6.0.2-cp313-cp313-win_amd64.whl", hash = "sha256:8388ee1976c416731879ac16da0aff3f63b286ffdd57cdeb95f3f2e085687563", size = 156446 },
]

[[package]]
name = "ruff"
version = "0.9.0"
source = { registry = "https://pypi.org/simple" }
sdist = { url = "https://files.pythonhosted.org/packages/75/48/385f276f41e89623a5ea8e4eb9c619a44fdfc2a64849916b3584eca6cb9f/ruff-0.9.0.tar.gz", hash = "sha256:143f68fa5560ecf10fc49878b73cee3eab98b777fcf43b0e62d43d42f5ef9d8b", size = 3489167 }
wheels = [
    { url = "https://files.pythonhosted.org/packages/e9/01/e0885e5519212efc7ab9d868bc39cb9781931c4c6f9b17becafa81193ec4/ruff-0.9.0-py3-none-linux_armv6l.whl", hash = "sha256:949b3513f931741e006cf267bf89611edff04e1f012013424022add3ce78f319", size = 10647069 },
    { url = "https://files.pythonhosted.org/packages/dd/69/510a9a5781dcf84c2ad513c2003936fefc802f39c745d5f2355d77fa45fd/ruff-0.9.0-py3-none-macosx_10_12_x86_64.whl", hash = "sha256:99fbcb8c7fe94ae1e462ab2a1ef17cb20b25fb6438b9f198b1bcf5207a0a7916", size = 10401936 },
    { url = "https://files.pythonhosted.org/packages/07/9f/37fb86bfdf28c4cbfe94cbcc01fb9ab0cb8128548f243f34d5298b212562/ruff-0.9.0-py3-none-macosx_11_0_arm64.whl", hash = "sha256:0b022afd8eb0fcfce1e0adec84322abf4d6ce3cd285b3b99c4f17aae7decf749", size = 10010347 },
    { url = "https://files.pythonhosted.org/packages/30/0d/b95121f53c7f7bfb7ba427a35d25f983ed3b476620c5cd69f45caa5b294e/ruff-0.9.0-py3-none-manylinux_2_17_aarch64.manylinux2014_aarch64.whl", hash = "sha256:336567ce92c9ca8ec62780d07b5fa11fbc881dc7bb40958f93a7d621e7ab4589", size = 10882152 },
    { url = "https://files.pythonhosted.org/packages/d4/0b/a955cb6b19eb900c4c594707ab72132ce2d5cd8b5565137fb8fed21b8f08/ruff-0.9.0-py3-none-manylinux_2_17_armv7l.manylinux2014_armv7l.whl", hash = "sha256:d338336c44bda602dc8e8766836ac0441e5b0dfeac3af1bd311a97ebaf087a75", size = 10405502 },
    { url = "https://files.pythonhosted.org/packages/1e/fa/9a6c70af74f20edd2519b89eb3322f4bfa399315cf306383443700f2d6b6/ruff-0.9.0-py3-none-manylinux_2_17_i686.manylinux2014_i686.whl", hash = "sha256:d9b3ececf523d733e90b540e7afcc0494189e8999847f8855747acd5a9a8c45f", size = 11465069 },
    { url = "https://files.pythonhosted.org/packages/ee/8b/7effac8915470da496be009fe861060baff2692f92801976b2c01cdc8c54/ruff-0.9.0-py3-none-manylinux_2_17_ppc64.manylinux2014_ppc64.whl", hash = "sha256:a11c0872a31232e473e2e0e2107f3d294dbadd2f83fb281c3eb1c22a24866924", size = 12176850 },
    { url = "https://files.pythonhosted.org/packages/bd/ed/626179786889eca47b1e821c1582622ac0c1c8f01d60ac974f8b96867a57/ruff-0.9.0-py3-none-manylinux_2_17_ppc64le.manylinux2014_ppc64le.whl", hash = "sha256:b5fd06220c17a9cc0dc7fc6552f2ac4db74e8e8bff9c401d160ac59d00566f54", size = 11700963 },
    { url = "https://files.pythonhosted.org/packages/75/79/094c34ddec47fd3c61a0bc5e83ca164344c592949cff91f05961fd40922e/ruff-0.9.0-py3-none-manylinux_2_17_s390x.manylinux2014_s390x.whl", hash = "sha256:0457e775c74bf3976243f910805242b7dcd389e1d440deccbd1194ca17a5728c", size = 13096560 },
    { url = "https://files.pythonhosted.org/packages/e7/23/ec85dca0dcb329835197401734501bfa1d39e72343df64628c67b72bcbf5/ruff-0.9.0-py3-none-manylinux_2_17_x86_64.manylinux2014_x86_64.whl", hash = "sha256:05415599bbcb318f730ea1b46a39e4fbf71f6a63fdbfa1dda92efb55f19d7ecf", size = 11278658 },
    { url = "https://files.pythonhosted.org/packages/6c/17/1b3ea5f06578ea1daa08ac35f9de099d1827eea6e116a8cabbf11235c925/ruff-0.9.0-py3-none-musllinux_1_2_aarch64.whl", hash = "sha256:fbf9864b009e43cfc1c8bed1a6a4c529156913105780af4141ca4342148517f5", size = 10879847 },
    { url = "https://files.pythonhosted.org/packages/a6/e5/00bc97d6f419da03c0d898e95cca77311494e7274dc7cc17d94976e32e52/ruff-0.9.0-py3-none-musllinux_1_2_armv7l.whl", hash = "sha256:37b3da222b12e2bb2ce628e02586ab4846b1ed7f31f42a5a0683b213453b2d49", size = 10494220 },
    { url = "https://files.pythonhosted.org/packages/cc/70/d0a23d94f3e40b7ffac0e5506f33bb504672569173781a6c7cab0db6a4ba/ruff-0.9.0-py3-none-musllinux_1_2_i686.whl", hash = "sha256:733c0fcf2eb0c90055100b4ed1af9c9d87305b901a8feb6a0451fa53ed88199d", size = 11004182 },
    { url = "https://files.pythonhosted.org/packages/20/8e/367cf8e401890f823d0e4eb33635d0113719d5660b6522b7295376dd95fd/ruff-0.9.0-py3-none-musllinux_1_2_x86_64.whl", hash = "sha256:8221a454bfe5ccdf8017512fd6bb60e6ec30f9ea252b8a80e5b73619f6c3cefd", size = 11345761 },
    { url = "https://files.pythonhosted.org/packages/fe/08/4b54e02da73060ebc29368ab15868613f7d2496bde3b01d284d5423646bc/ruff-0.9.0-py3-none-win32.whl", hash = "sha256:d345f2178afd192c7991ddee59155c58145e12ad81310b509bd2e25c5b0247b3", size = 8807005 },
    { url = "https://files.pythonhosted.org/packages/a1/a7/0b422971e897c51bf805f998d75bcfe5d4d858f5002203832875fc91b733/ruff-0.9.0-py3-none-win_amd64.whl", hash = "sha256:0cbc0905d94d21305872f7f8224e30f4bbcd532bc21b2225b2446d8fc7220d19", size = 9689974 },
    { url = "https://files.pythonhosted.org/packages/73/0e/c00f66731e514be3299801b1d9d54efae0abfe8f00a5c14155f2ab9e2920/ruff-0.9.0-py3-none-win_arm64.whl", hash = "sha256:7b1148771c6ca88f820d761350a053a5794bc58e0867739ea93eb5e41ad978cd", size = 9147729 },
]

[[package]]
name = "shiboken6"
version = "6.8.1.1"
source = { registry = "https://pypi.org/simple" }
wheels = [
    { url = "https://files.pythonhosted.org/packages/54/bc/f87ae60dac7d8df63dad21112b4e20436460477fd9448d58155ea7399344/shiboken6-6.8.1.1-cp39-abi3-macosx_12_0_universal2.whl", hash = "sha256:42fbb173a772c4e059dbeafb302e96f6ea8e1c9bacf05fab71ea7eb0d8f97b01", size = 399641 },
    { url = "https://files.pythonhosted.org/packages/bc/a2/27586f87b2364a8ec085083a367e494698b15a6ba9065d9d984ebbc10179/shiboken6-6.8.1.1-cp39-abi3-manylinux_2_28_x86_64.whl", hash = "sha256:d672df0f29dc5f44de7205c1acae4d0471ba8371bb1d68fdacbf1686f4d22a96", size = 203124 },
    { url = "https://files.pythonhosted.org/packages/d1/d1/cc21124aa4751ca1d4e4035d3c1dcb2ce3f20ad46ad39f6cd626eef06a2e/shiboken6-6.8.1.1-cp39-abi3-manylinux_2_39_aarch64.whl", hash = "sha256:ff1b22a66476b042d3dc09870edca353fdac1c1f517a4cdc364b24e296213ecd", size = 200152 },
    { url = "https://files.pythonhosted.org/packages/d5/de/9be900fb9c96e3720407271255144d967a0fd323e4146c54f79ee5cdebbe/shiboken6-6.8.1.1-cp39-abi3-win_amd64.whl", hash = "sha256:26f7041c77058a8ecfb9345caa187250b199de79cfb37e33936e5fbd468a7780", size = 1149289 },
]
